// !$*UTF8*$!
{
	archiveVersion = 1;
	classes = {
	};
	objectVersion = 51;
	objects = {

/* Begin PBXBuildFile section */
		88BC13014A8BE29173A60DB3 /* Pods_abi_beer_app.framework in Frameworks */ = {isa = PBXBuildFile; fileRef = 7317DE67A2478692631E7E52 /* Pods_abi_beer_app.framework */; };
		F91E2070256F617C00EC61E7 /* Podfile in Resources */ = {isa = PBXBuildFile; fileRef = F91E206F256F617C00EC61E7 /* Podfile */; };
		F9B839E5257073EC007E8342 /* Beer.swift in Sources */ = {isa = PBXBuildFile; fileRef = F9B839E4257073EC007E8342 /* Beer.swift */; };
		F9B839E825707449007E8342 /* BeerTableViewCell.swift in Sources */ = {isa = PBXBuildFile; fileRef = F9B839E725707449007E8342 /* BeerTableViewCell.swift */; };
		F9B839F125707AA6007E8342 /* NetworkService.swift in Sources */ = {isa = PBXBuildFile; fileRef = F9B839F025707AA6007E8342 /* NetworkService.swift */; };
		F9B839F425707ABF007E8342 /* Environment.swift in Sources */ = {isa = PBXBuildFile; fileRef = F9B839F325707ABF007E8342 /* Environment.swift */; };
		F9B839F725707C19007E8342 /* BeerListInteractor.swift in Sources */ = {isa = PBXBuildFile; fileRef = F9B839F625707C19007E8342 /* BeerListInteractor.swift */; };
		F9B839FA25707C75007E8342 /* BeerListPresenter.swift in Sources */ = {isa = PBXBuildFile; fileRef = F9B839F925707C75007E8342 /* BeerListPresenter.swift */; };
		F9DC6EF32570882C0028383C /* BeerDetailViewController.swift in Sources */ = {isa = PBXBuildFile; fileRef = F9DC6EF22570882C0028383C /* BeerDetailViewController.swift */; };
		F9DC6EF8257089CA0028383C /* LoadingView.swift in Sources */ = {isa = PBXBuildFile; fileRef = F9DC6EF7257089CA0028383C /* LoadingView.swift */; };
		F9E885A5256F2B3A00F2DC99 /* AppDelegate.swift in Sources */ = {isa = PBXBuildFile; fileRef = F9E885A4256F2B3A00F2DC99 /* AppDelegate.swift */; };
		F9E885AE256F2B3F00F2DC99 /* Assets.xcassets in Resources */ = {isa = PBXBuildFile; fileRef = F9E885AD256F2B3F00F2DC99 /* Assets.xcassets */; };
		F9E885B1256F2B3F00F2DC99 /* LaunchScreen.storyboard in Resources */ = {isa = PBXBuildFile; fileRef = F9E885AF256F2B3F00F2DC99 /* LaunchScreen.storyboard */; };
		F9E885C0256F2CA800F2DC99 /* BeerListViewController.swift in Sources */ = {isa = PBXBuildFile; fileRef = F9E885BF256F2CA800F2DC99 /* BeerListViewController.swift */; };
/* End PBXBuildFile section */

/* Begin PBXFileReference section */
		7317DE67A2478692631E7E52 /* Pods_abi_beer_app.framework */ = {isa = PBXFileReference; explicitFileType = wrapper.framework; includeInIndex = 0; path = Pods_abi_beer_app.framework; sourceTree = BUILT_PRODUCTS_DIR; };
		CD4EC776FAE5F9AAE2B5BD9A /* Pods-abi-beer-app.release.xcconfig */ = {isa = PBXFileReference; includeInIndex = 1; lastKnownFileType = text.xcconfig; name = "Pods-abi-beer-app.release.xcconfig"; path = "Target Support Files/Pods-abi-beer-app/Pods-abi-beer-app.release.xcconfig"; sourceTree = "<group>"; };
		E66B9D0F7CD94B172A4708F2 /* Pods-abi-beer-app.debug.xcconfig */ = {isa = PBXFileReference; includeInIndex = 1; lastKnownFileType = text.xcconfig; name = "Pods-abi-beer-app.debug.xcconfig"; path = "Target Support Files/Pods-abi-beer-app/Pods-abi-beer-app.debug.xcconfig"; sourceTree = "<group>"; };
		F91E206F256F617C00EC61E7 /* Podfile */ = {isa = PBXFileReference; lastKnownFileType = text; path = Podfile; sourceTree = "<group>"; };
		F9B839E4257073EC007E8342 /* Beer.swift */ = {isa = PBXFileReference; lastKnownFileType = sourcecode.swift; path = Beer.swift; sourceTree = "<group>"; };
		F9B839E725707449007E8342 /* BeerTableViewCell.swift */ = {isa = PBXFileReference; lastKnownFileType = sourcecode.swift; path = BeerTableViewCell.swift; sourceTree = "<group>"; };
		F9B839F025707AA6007E8342 /* NetworkService.swift */ = {isa = PBXFileReference; lastKnownFileType = sourcecode.swift; path = NetworkService.swift; sourceTree = "<group>"; };
		F9B839F325707ABF007E8342 /* Environment.swift */ = {isa = PBXFileReference; lastKnownFileType = sourcecode.swift; path = Environment.swift; sourceTree = "<group>"; };
		F9B839F625707C19007E8342 /* BeerListInteractor.swift */ = {isa = PBXFileReference; lastKnownFileType = sourcecode.swift; path = BeerListInteractor.swift; sourceTree = "<group>"; };
		F9B839F925707C75007E8342 /* BeerListPresenter.swift */ = {isa = PBXFileReference; lastKnownFileType = sourcecode.swift; path = BeerListPresenter.swift; sourceTree = "<group>"; };
		F9DC6EF22570882C0028383C /* BeerDetailViewController.swift */ = {isa = PBXFileReference; lastKnownFileType = sourcecode.swift; path = BeerDetailViewController.swift; sourceTree = "<group>"; };
		F9DC6EF7257089CA0028383C /* LoadingView.swift */ = {isa = PBXFileReference; lastKnownFileType = sourcecode.swift; path = LoadingView.swift; sourceTree = "<group>"; };
		F9E885A1256F2B3A00F2DC99 /* abi-beer-app.app */ = {isa = PBXFileReference; explicitFileType = wrapper.application; includeInIndex = 0; path = "abi-beer-app.app"; sourceTree = BUILT_PRODUCTS_DIR; };
		F9E885A4256F2B3A00F2DC99 /* AppDelegate.swift */ = {isa = PBXFileReference; lastKnownFileType = sourcecode.swift; path = AppDelegate.swift; sourceTree = "<group>"; };
		F9E885AD256F2B3F00F2DC99 /* Assets.xcassets */ = {isa = PBXFileReference; lastKnownFileType = folder.assetcatalog; path = Assets.xcassets; sourceTree = "<group>"; };
		F9E885B0256F2B3F00F2DC99 /* Base */ = {isa = PBXFileReference; lastKnownFileType = file.storyboard; name = Base; path = Base.lproj/LaunchScreen.storyboard; sourceTree = "<group>"; };
		F9E885B2256F2B3F00F2DC99 /* Info.plist */ = {isa = PBXFileReference; lastKnownFileType = text.plist.xml; path = Info.plist; sourceTree = "<group>"; };
		F9E885BF256F2CA800F2DC99 /* BeerListViewController.swift */ = {isa = PBXFileReference; lastKnownFileType = sourcecode.swift; path = BeerListViewController.swift; sourceTree = "<group>"; };
/* End PBXFileReference section */

/* Begin PBXFrameworksBuildPhase section */
		F9E8859E256F2B3A00F2DC99 /* Frameworks */ = {
			isa = PBXFrameworksBuildPhase;
			buildActionMask = 2147483647;
			files = (
				88BC13014A8BE29173A60DB3 /* Pods_abi_beer_app.framework in Frameworks */,
			);
			runOnlyForDeploymentPostprocessing = 0;
		};
/* End PBXFrameworksBuildPhase section */

/* Begin PBXGroup section */
		1B4A2226A015C36882D54549 /* Pods */ = {
			isa = PBXGroup;
			children = (
				E66B9D0F7CD94B172A4708F2 /* Pods-abi-beer-app.debug.xcconfig */,
				CD4EC776FAE5F9AAE2B5BD9A /* Pods-abi-beer-app.release.xcconfig */,
			);
			path = Pods;
			sourceTree = "<group>";
		};
		A23B985EE38A8091A618003D /* Frameworks */ = {
			isa = PBXGroup;
			children = (
				7317DE67A2478692631E7E52 /* Pods_abi_beer_app.framework */,
			);
			name = Frameworks;
			sourceTree = "<group>";
		};
		F9B839E025706D58007E8342 /* Models */ = {
			isa = PBXGroup;
			children = (
				F9B839E4257073EC007E8342 /* Beer.swift */,
			);
			path = Models;
			sourceTree = "<group>";
		};
		F9B839E125706D5F007E8342 /* Utils */ = {
			isa = PBXGroup;
			children = (
				F9B839F025707AA6007E8342 /* NetworkService.swift */,
				F9B839F325707ABF007E8342 /* Environment.swift */,
				F9DC6EF7257089CA0028383C /* LoadingView.swift */,
			);
			path = Utils;
			sourceTree = "<group>";
		};
		F9B839EE25707A60007E8342 /* Scenes */ = {
			isa = PBXGroup;
			children = (
				F9DC6EF12570880F0028383C /* BeerDetail */,
				F9E885BE256F2C9500F2DC99 /* BeerList */,
			);
			path = Scenes;
			sourceTree = "<group>";
		};
		F9DC6EF12570880F0028383C /* BeerDetail */ = {
			isa = PBXGroup;
			children = (
				F9DC6EF22570882C0028383C /* BeerDetailViewController.swift */,
			);
			path = BeerDetail;
			sourceTree = "<group>";
		};
		F9E88598256F2B3A00F2DC99 = {
			isa = PBXGroup;
			children = (
				F91E206F256F617C00EC61E7 /* Podfile */,
				F9E885A3256F2B3A00F2DC99 /* abi-beer-app */,
				F9E885A2256F2B3A00F2DC99 /* Products */,
				1B4A2226A015C36882D54549 /* Pods */,
				A23B985EE38A8091A618003D /* Frameworks */,
			);
			sourceTree = "<group>";
		};
		F9E885A2256F2B3A00F2DC99 /* Products */ = {
			isa = PBXGroup;
			children = (
				F9E885A1256F2B3A00F2DC99 /* abi-beer-app.app */,
			);
			name = Products;
			sourceTree = "<group>";
		};
		F9E885A3256F2B3A00F2DC99 /* abi-beer-app */ = {
			isa = PBXGroup;
			children = (
				F9B839E025706D58007E8342 /* Models */,
				F9B839E125706D5F007E8342 /* Utils */,
				F9B839EE25707A60007E8342 /* Scenes */,
				F9E885A4256F2B3A00F2DC99 /* AppDelegate.swift */,
				F9E885AD256F2B3F00F2DC99 /* Assets.xcassets */,
				F9E885AF256F2B3F00F2DC99 /* LaunchScreen.storyboard */,
				F9E885B2256F2B3F00F2DC99 /* Info.plist */,
			);
			path = "abi-beer-app";
			sourceTree = "<group>";
		};
		F9E885BE256F2C9500F2DC99 /* BeerList */ = {
			isa = PBXGroup;
			children = (
				F9E885BF256F2CA800F2DC99 /* BeerListViewController.swift */,
				F9B839E725707449007E8342 /* BeerTableViewCell.swift */,
				F9B839F625707C19007E8342 /* BeerListInteractor.swift */,
				F9B839F925707C75007E8342 /* BeerListPresenter.swift */,
			);
			path = BeerList;
			sourceTree = "<group>";
		};
/* End PBXGroup section */

/* Begin PBXNativeTarget section */
		F9E885A0256F2B3A00F2DC99 /* abi-beer-app */ = {
			isa = PBXNativeTarget;
			buildConfigurationList = F9E885B5256F2B3F00F2DC99 /* Build configuration list for PBXNativeTarget "abi-beer-app" */;
			buildPhases = (
				97CCF2572851FCA2E758A838 /* [CP] Check Pods Manifest.lock */,
				F9E8859D256F2B3A00F2DC99 /* Sources */,
				F9E8859E256F2B3A00F2DC99 /* Frameworks */,
				F9E8859F256F2B3A00F2DC99 /* Resources */,
				69E2E170121AC70AB62BDA62 /* [CP] Embed Pods Frameworks */,
			);
			buildRules = (
			);
			dependencies = (
			);
			name = "abi-beer-app";
			productName = "abi-beer-app";
			productReference = F9E885A1256F2B3A00F2DC99 /* abi-beer-app.app */;
			productType = "com.apple.product-type.application";
		};
/* End PBXNativeTarget section */

/* Begin PBXProject section */
		F9E88599256F2B3A00F2DC99 /* Project object */ = {
			isa = PBXProject;
			attributes = {
				LastSwiftUpdateCheck = 1220;
				LastUpgradeCheck = 1220;
				TargetAttributes = {
					F9E885A0256F2B3A00F2DC99 = {
						CreatedOnToolsVersion = 12.2;
					};
				};
			};
			buildConfigurationList = F9E8859C256F2B3A00F2DC99 /* Build configuration list for PBXProject "abi-beer-app" */;
			compatibilityVersion = "Xcode 9.3";
			developmentRegion = en;
			hasScannedForEncodings = 0;
			knownRegions = (
				en,
				Base,
			);
			mainGroup = F9E88598256F2B3A00F2DC99;
			productRefGroup = F9E885A2256F2B3A00F2DC99 /* Products */;
			projectDirPath = "";
			projectRoot = "";
			targets = (
				F9E885A0256F2B3A00F2DC99 /* abi-beer-app */,
			);
		};
/* End PBXProject section */

/* Begin PBXResourcesBuildPhase section */
		F9E8859F256F2B3A00F2DC99 /* Resources */ = {
			isa = PBXResourcesBuildPhase;
			buildActionMask = 2147483647;
			files = (
				F91E2070256F617C00EC61E7 /* Podfile in Resources */,
				F9E885B1256F2B3F00F2DC99 /* LaunchScreen.storyboard in Resources */,
				F9E885AE256F2B3F00F2DC99 /* Assets.xcassets in Resources */,
			);
			runOnlyForDeploymentPostprocessing = 0;
		};
/* End PBXResourcesBuildPhase section */

/* Begin PBXShellScriptBuildPhase section */
		69E2E170121AC70AB62BDA62 /* [CP] Embed Pods Frameworks */ = {
			isa = PBXShellScriptBuildPhase;
			buildActionMask = 2147483647;
			files = (
			);
			inputFileListPaths = (
				"${PODS_ROOT}/Target Support Files/Pods-abi-beer-app/Pods-abi-beer-app-frameworks-${CONFIGURATION}-input-files.xcfilelist",
			);
			name = "[CP] Embed Pods Frameworks";
			outputFileListPaths = (
				"${PODS_ROOT}/Target Support Files/Pods-abi-beer-app/Pods-abi-beer-app-frameworks-${CONFIGURATION}-output-files.xcfilelist",
			);
			runOnlyForDeploymentPostprocessing = 0;
			shellPath = /bin/sh;
			shellScript = "\"${PODS_ROOT}/Target Support Files/Pods-abi-beer-app/Pods-abi-beer-app-frameworks.sh\"\n";
			showEnvVarsInLog = 0;
		};
		97CCF2572851FCA2E758A838 /* [CP] Check Pods Manifest.lock */ = {
			isa = PBXShellScriptBuildPhase;
			buildActionMask = 2147483647;
			files = (
			);
			inputFileListPaths = (
			);
			inputPaths = (
				"${PODS_PODFILE_DIR_PATH}/Podfile.lock",
				"${PODS_ROOT}/Manifest.lock",
			);
			name = "[CP] Check Pods Manifest.lock";
			outputFileListPaths = (
			);
			outputPaths = (
				"$(DERIVED_FILE_DIR)/Pods-abi-beer-app-checkManifestLockResult.txt",
			);
			runOnlyForDeploymentPostprocessing = 0;
			shellPath = /bin/sh;
			shellScript = "diff \"${PODS_PODFILE_DIR_PATH}/Podfile.lock\" \"${PODS_ROOT}/Manifest.lock\" > /dev/null\nif [ $? != 0 ] ; then\n    # print error to STDERR\n    echo \"error: The sandbox is not in sync with the Podfile.lock. Run 'pod install' or update your CocoaPods installation.\" >&2\n    exit 1\nfi\n# This output is used by Xcode 'outputs' to avoid re-running this script phase.\necho \"SUCCESS\" > \"${SCRIPT_OUTPUT_FILE_0}\"\n";
			showEnvVarsInLog = 0;
		};
/* End PBXShellScriptBuildPhase section */

/* Begin PBXSourcesBuildPhase section */
		F9E8859D256F2B3A00F2DC99 /* Sources */ = {
			isa = PBXSourcesBuildPhase;
			buildActionMask = 2147483647;
			files = (
				F9B839F725707C19007E8342 /* BeerListInteractor.swift in Sources */,
				F9B839F125707AA6007E8342 /* NetworkService.swift in Sources */,
				F9B839F425707ABF007E8342 /* Environment.swift in Sources */,
				F9DC6EF8257089CA0028383C /* LoadingView.swift in Sources */,
				F9E885C0256F2CA800F2DC99 /* BeerListViewController.swift in Sources */,
				F9B839FA25707C75007E8342 /* BeerListPresenter.swift in Sources */,
				F9B839E5257073EC007E8342 /* Beer.swift in Sources */,
				F9E885A5256F2B3A00F2DC99 /* AppDelegate.swift in Sources */,
				F9DC6EF32570882C0028383C /* BeerDetailViewController.swift in Sources */,
				F9B839E825707449007E8342 /* BeerTableViewCell.swift in Sources */,
			);
			runOnlyForDeploymentPostprocessing = 0;
		};
/* End PBXSourcesBuildPhase section */

/* Begin PBXVariantGroup section */
		F9E885AF256F2B3F00F2DC99 /* LaunchScreen.storyboard */ = {
			isa = PBXVariantGroup;
			children = (
				F9E885B0256F2B3F00F2DC99 /* Base */,
			);
			name = LaunchScreen.storyboard;
			sourceTree = "<group>";
		};
/* End PBXVariantGroup section */

/* Begin XCBuildConfiguration section */
		F9E885B3256F2B3F00F2DC99 /* Debug */ = {
			isa = XCBuildConfiguration;
			buildSettings = {
				ALWAYS_SEARCH_USER_PATHS = NO;
				CLANG_ANALYZER_NONNULL = YES;
				CLANG_ANALYZER_NUMBER_OBJECT_CONVERSION = YES_AGGRESSIVE;
				CLANG_CXX_LANGUAGE_STANDARD = "gnu++14";
				CLANG_CXX_LIBRARY = "libc++";
				CLANG_ENABLE_MODULES = YES;
				CLANG_ENABLE_OBJC_ARC = YES;
				CLANG_ENABLE_OBJC_WEAK = YES;
				CLANG_WARN_BLOCK_CAPTURE_AUTORELEASING = YES;
				CLANG_WARN_BOOL_CONVERSION = YES;
				CLANG_WARN_COMMA = YES;
				CLANG_WARN_CONSTANT_CONVERSION = YES;
				CLANG_WARN_DEPRECATED_OBJC_IMPLEMENTATIONS = YES;
				CLANG_WARN_DIRECT_OBJC_ISA_USAGE = YES_ERROR;
				CLANG_WARN_DOCUMENTATION_COMMENTS = YES;
				CLANG_WARN_EMPTY_BODY = YES;
				CLANG_WARN_ENUM_CONVERSION = YES;
				CLANG_WARN_INFINITE_RECURSION = YES;
				CLANG_WARN_INT_CONVERSION = YES;
				CLANG_WARN_NON_LITERAL_NULL_CONVERSION = YES;
				CLANG_WARN_OBJC_IMPLICIT_RETAIN_SELF = YES;
				CLANG_WARN_OBJC_LITERAL_CONVERSION = YES;
				CLANG_WARN_OBJC_ROOT_CLASS = YES_ERROR;
				CLANG_WARN_QUOTED_INCLUDE_IN_FRAMEWORK_HEADER = YES;
				CLANG_WARN_RANGE_LOOP_ANALYSIS = YES;
				CLANG_WARN_STRICT_PROTOTYPES = YES;
				CLANG_WARN_SUSPICIOUS_MOVE = YES;
				CLANG_WARN_UNGUARDED_AVAILABILITY = YES_AGGRESSIVE;
				CLANG_WARN_UNREACHABLE_CODE = YES;
				CLANG_WARN__DUPLICATE_METHOD_MATCH = YES;
				COPY_PHASE_STRIP = NO;
				DEBUG_INFORMATION_FORMAT = dwarf;
				ENABLE_STRICT_OBJC_MSGSEND = YES;
				ENABLE_TESTABILITY = YES;
				GCC_C_LANGUAGE_STANDARD = gnu11;
				GCC_DYNAMIC_NO_PIC = NO;
				GCC_NO_COMMON_BLOCKS = YES;
				GCC_OPTIMIZATION_LEVEL = 0;
				GCC_PREPROCESSOR_DEFINITIONS = (
					"DEBUG=1",
					"$(inherited)",
				);
				GCC_WARN_64_TO_32_BIT_CONVERSION = YES;
				GCC_WARN_ABOUT_RETURN_TYPE = YES_ERROR;
				GCC_WARN_UNDECLARED_SELECTOR = YES;
				GCC_WARN_UNINITIALIZED_AUTOS = YES_AGGRESSIVE;
				GCC_WARN_UNUSED_FUNCTION = YES;
				GCC_WARN_UNUSED_VARIABLE = YES;
				IPHONEOS_DEPLOYMENT_TARGET = 14.2;
				MTL_ENABLE_DEBUG_INFO = INCLUDE_SOURCE;
				MTL_FAST_MATH = YES;
				ONLY_ACTIVE_ARCH = YES;
				SDKROOT = iphoneos;
				SWIFT_ACTIVE_COMPILATION_CONDITIONS = DEBUG;
				SWIFT_OPTIMIZATION_LEVEL = "-Onone";
			};
			name = Debug;
		};
		F9E885B4256F2B3F00F2DC99 /* Release */ = {
			isa = XCBuildConfiguration;
			buildSettings = {
				ALWAYS_SEARCH_USER_PATHS = NO;
				CLANG_ANALYZER_NONNULL = YES;
				CLANG_ANALYZER_NUMBER_OBJECT_CONVERSION = YES_AGGRESSIVE;
				CLANG_CXX_LANGUAGE_STANDARD = "gnu++14";
				CLANG_CXX_LIBRARY = "libc++";
				CLANG_ENABLE_MODULES = YES;
				CLANG_ENABLE_OBJC_ARC = YES;
				CLANG_ENABLE_OBJC_WEAK = YES;
				CLANG_WARN_BLOCK_CAPTURE_AUTORELEASING = YES;
				CLANG_WARN_BOOL_CONVERSION = YES;
				CLANG_WARN_COMMA = YES;
				CLANG_WARN_CONSTANT_CONVERSION = YES;
				CLANG_WARN_DEPRECATED_OBJC_IMPLEMENTATIONS = YES;
				CLANG_WARN_DIRECT_OBJC_ISA_USAGE = YES_ERROR;
				CLANG_WARN_DOCUMENTATION_COMMENTS = YES;
				CLANG_WARN_EMPTY_BODY = YES;
				CLANG_WARN_ENUM_CONVERSION = YES;
				CLANG_WARN_INFINITE_RECURSION = YES;
				CLANG_WARN_INT_CONVERSION = YES;
				CLANG_WARN_NON_LITERAL_NULL_CONVERSION = YES;
				CLANG_WARN_OBJC_IMPLICIT_RETAIN_SELF = YES;
				CLANG_WARN_OBJC_LITERAL_CONVERSION = YES;
				CLANG_WARN_OBJC_ROOT_CLASS = YES_ERROR;
				CLANG_WARN_QUOTED_INCLUDE_IN_FRAMEWORK_HEADER = YES;
				CLANG_WARN_RANGE_LOOP_ANALYSIS = YES;
				CLANG_WARN_STRICT_PROTOTYPES = YES;
				CLANG_WARN_SUSPICIOUS_MOVE = YES;
				CLANG_WARN_UNGUARDED_AVAILABILITY = YES_AGGRESSIVE;
				CLANG_WARN_UNREACHABLE_CODE = YES;
				CLANG_WARN__DUPLICATE_METHOD_MATCH = YES;
				COPY_PHASE_STRIP = NO;
				DEBUG_INFORMATION_FORMAT = "dwarf-with-dsym";
				ENABLE_NS_ASSERTIONS = NO;
				ENABLE_STRICT_OBJC_MSGSEND = YES;
				GCC_C_LANGUAGE_STANDARD = gnu11;
				GCC_NO_COMMON_BLOCKS = YES;
				GCC_WARN_64_TO_32_BIT_CONVERSION = YES;
				GCC_WARN_ABOUT_RETURN_TYPE = YES_ERROR;
				GCC_WARN_UNDECLARED_SELECTOR = YES;
				GCC_WARN_UNINITIALIZED_AUTOS = YES_AGGRESSIVE;
				GCC_WARN_UNUSED_FUNCTION = YES;
				GCC_WARN_UNUSED_VARIABLE = YES;
				IPHONEOS_DEPLOYMENT_TARGET = 14.2;
				MTL_ENABLE_DEBUG_INFO = NO;
				MTL_FAST_MATH = YES;
				SDKROOT = iphoneos;
				SWIFT_COMPILATION_MODE = wholemodule;
				SWIFT_OPTIMIZATION_LEVEL = "-O";
				VALIDATE_PRODUCT = YES;
			};
			name = Release;
		};
		F9E885B6256F2B3F00F2DC99 /* Debug */ = {
			isa = XCBuildConfiguration;
			baseConfigurationReference = E66B9D0F7CD94B172A4708F2 /* Pods-abi-beer-app.debug.xcconfig */;
			buildSettings = {
				ASSETCATALOG_COMPILER_APPICON_NAME = AppIcon;
				ASSETCATALOG_COMPILER_GLOBAL_ACCENT_COLOR_NAME = AccentColor;
				CODE_SIGN_STYLE = Automatic;
				INFOPLIST_FILE = "abi-beer-app/Info.plist";
				IPHONEOS_DEPLOYMENT_TARGET = 13.0;
				LD_RUNPATH_SEARCH_PATHS = (
					"$(inherited)",
					"@executable_path/Frameworks",
				);
				PRODUCT_BUNDLE_IDENTIFIER = "com.jaredelima.abi-beer-app";
				PRODUCT_NAME = "$(TARGET_NAME)";
				SWIFT_VERSION = 5.0;
				TARGETED_DEVICE_FAMILY = "1,2";
			};
			name = Debug;
		};
		F9E885B7256F2B3F00F2DC99 /* Release */ = {
			isa = XCBuildConfiguration;
			baseConfigurationReference = CD4EC776FAE5F9AAE2B5BD9A /* Pods-abi-beer-app.release.xcconfig */;
			buildSettings = {
				ASSETCATALOG_COMPILER_APPICON_NAME = AppIcon;
				ASSETCATALOG_COMPILER_GLOBAL_ACCENT_COLOR_NAME = AccentColor;
				CODE_SIGN_STYLE = Automatic;
				INFOPLIST_FILE = "abi-beer-app/Info.plist";
				IPHONEOS_DEPLOYMENT_TARGET = 13.0;
				LD_RUNPATH_SEARCH_PATHS = (
					"$(inherited)",
					"@executable_path/Frameworks",
				);
				PRODUCT_BUNDLE_IDENTIFIER = "com.jaredelima.abi-beer-app";
				PRODUCT_NAME = "$(TARGET_NAME)";
				SWIFT_VERSION = 5.0;
				TARGETED_DEVICE_FAMILY = "1,2";
			};
			name = Release;
		};
/* End XCBuildConfiguration section */

/* Begin XCConfigurationList section */
		F9E8859C256F2B3A00F2DC99 /* Build configuration list for PBXProject "abi-beer-app" */ = {
			isa = XCConfigurationList;
			buildConfigurations = (
				F9E885B3256F2B3F00F2DC99 /* Debug */,
				F9E885B4256F2B3F00F2DC99 /* Release */,
			);
			defaultConfigurationIsVisible = 0;
			defaultConfigurationName = Release;
		};
		F9E885B5256F2B3F00F2DC99 /* Build configuration list for PBXNativeTarget "abi-beer-app" */ = {
			isa = XCConfigurationList;
			buildConfigurations = (
				F9E885B6256F2B3F00F2DC99 /* Debug */,
				F9E885B7256F2B3F00F2DC99 /* Release */,
			);
			defaultConfigurationIsVisible = 0;
			defaultConfigurationName = Release;
		};
/* End XCConfigurationList section */
	};
	rootObject = F9E88599256F2B3A00F2DC99 /* Project object */;
}
